
Microsoft Visual Studio Solution File, Format Version 12.00
# Visual Studio 2013
VisualStudioVersion = 12.0.40629.0
MinimumVisualStudioVersion = 10.0.40219.1
Project("{FAE04EC0-301F-11D3-BF4B-00C04F79EFBC}") = "Bai1", "Chuong5\Bai1.csproj", "{A5758FAE-A90D-4FE0-94F9-0DE051F3B0B9}"
EndProject
Project("{FAE04EC0-301F-11D3-BF4B-00C04F79EFBC}") = "Bai2", "Bai2\Bai2.csproj", "{8C611D01-E93F-4DC5-8B80-7EB71C187418}"
EndProject
Project("{FAE04EC0-301F-11D3-BF4B-00C04F79EFBC}") = "Bai3", "Bai3\Bai3.csproj", "{38680220-C652-4175-90FE-0612942D53ED}"
EndProject
Project("{FAE04EC0-301F-11D3-BF4B-00C04F79EFBC}") = "bai 4", "bai 4\bai 4.csproj", "{481BDC04-6B23-44B9-BDD9-B4F95B9D2FEE}"
EndProject
Project("{FAE04EC0-301F-11D3-BF4B-00C04F79EFBC}") = "bai5", "bai5\bai5.csproj", "{4AF7494E-BAE0-4922-85AC-DED8714E39E9}"
EndProject
Project("{FAE04EC0-301F-11D3-BF4B-00C04F79EFBC}") = "Bai6", "Bai6\Bai6.csproj", "{EBC2A1A2-D64D-4F28-8F6B-06D89B085EF4}"
EndProject
Project("{FAE04EC0-301F-11D3-BF4B-00C04F79EFBC}") = "bai7", "bai7\bai7.csproj", "{FC8BE443-E7AB-4849-BB4C-80EC74479990}"
EndProject
Project("{FAE04EC0-301F-11D3-BF4B-00C04F79EFBC}") = "Bai8", "Bai8\Bai8.csproj", "{9A2DADE1-0D7C-4B3B-953C-3AC742E395ED}"
EndProject
Project("{FAE04EC0-301F-11D3-BF4B-00C04F79EFBC}") = "Bai9", "Bai9\Bai9.csproj", "{368BA889-54B0-4F29-BD55-F150FD07DF0C}"
EndProject
Project("{FAE04EC0-301F-11D3-BF4B-00C04F79EFBC}") = "bai10", "bai10\bai10.csproj", "{1EE3F6E6-08DF-4AFC-A7C6-59CF0EE55DA0}"
EndProject
Project("{FAE04EC0-301F-11D3-BF4B-00C04F79EFBC}") = "Bai11", "Bai11\Bai11.csproj", "{6BA34933-F920-4641-845E-9F1998403535}"
EndProject
Project("{FAE04EC0-301F-11D3-BF4B-00C04F79EFBC}") = "Bai12", "Bai12\Bai12.csproj", "{69D6C188-C377-4BAD-B0C0-90E57EB47F36}"
EndProject
Project("{FAE04EC0-301F-11D3-BF4B-00C04F79EFBC}") = "Bai13", "Bai13\Bai13.csproj", "{8E41C315-0BDA-4E9D-8CF9-D23DF67F3D5D}"
EndProject
Project("{FAE04EC0-301F-11D3-BF4B-00C04F79EFBC}") = "Bai14", "Bai14\Bai14.csproj", "{E7B5E0FA-0D45-431A-B0E0-94AB318D7DCA}"
EndProject
Project("{FAE04EC0-301F-11D3-BF4B-00C04F79EFBC}") = "Bai15", "Bai15\Bai15.csproj", "{4E82A1B7-5D38-4795-BE97-939548345441}"
EndProject
Global
	GlobalSection(SolutionConfigurationPlatforms) = preSolution
		Debug|Any CPU = Debug|Any CPU
		Release|Any CPU = Release|Any CPU
	EndGlobalSection
	GlobalSection(ProjectConfigurationPlatforms) = postSolution
		{A5758FAE-A90D-4FE0-94F9-0DE051F3B0B9}.Debug|Any CPU.ActiveCfg = Debug|Any CPU
		{A5758FAE-A90D-4FE0-94F9-0DE051F3B0B9}.Debug|Any CPU.Build.0 = Debug|Any CPU
		{A5758FAE-A90D-4FE0-94F9-0DE051F3B0B9}.Release|Any CPU.ActiveCfg = Release|Any CPU
		{A5758FAE-A90D-4FE0-94F9-0DE051F3B0B9}.Release|Any CPU.Build.0 = Release|Any CPU
		{8C611D01-E93F-4DC5-8B80-7EB71C187418}.Debug|Any CPU.ActiveCfg = Debug|Any CPU
		{8C611D01-E93F-4DC5-8B80-7EB71C187418}.Debug|Any CPU.Build.0 = Debug|Any CPU
		{8C611D01-E93F-4DC5-8B80-7EB71C187418}.Release|Any CPU.ActiveCfg = Release|Any CPU
		{8C611D01-E93F-4DC5-8B80-7EB71C187418}.Release|Any CPU.Build.0 = Release|Any CPU
		{38680220-C652-4175-90FE-0612942D53ED}.Debug|Any CPU.ActiveCfg = Debug|Any CPU
		{38680220-C652-4175-90FE-0612942D53ED}.Debug|Any CPU.Build.0 = Debug|Any CPU
		{38680220-C652-4175-90FE-0612942D53ED}.Release|Any CPU.ActiveCfg = Release|Any CPU
		{38680220-C652-4175-90FE-0612942D53ED}.Release|Any CPU.Build.0 = Release|Any CPU
		{481BDC04-6B23-44B9-BDD9-B4F95B9D2FEE}.Debug|Any CPU.ActiveCfg = Debug|Any CPU
		{481BDC04-6B23-44B9-BDD9-B4F95B9D2FEE}.Debug|Any CPU.Build.0 = Debug|Any CPU
		{481BDC04-6B23-44B9-BDD9-B4F95B9D2FEE}.Release|Any CPU.ActiveCfg = Release|Any CPU
		{481BDC04-6B23-44B9-BDD9-B4F95B9D2FEE}.Release|Any CPU.Build.0 = Release|Any CPU
		{4AF7494E-BAE0-4922-85AC-DED8714E39E9}.Debug|Any CPU.ActiveCfg = Debug|Any CPU
		{4AF7494E-BAE0-4922-85AC-DED8714E39E9}.Debug|Any CPU.Build.0 = Debug|Any CPU
		{4AF7494E-BAE0-4922-85AC-DED8714E39E9}.Release|Any CPU.ActiveCfg = Release|Any CPU
		{4AF7494E-BAE0-4922-85AC-DED8714E39E9}.Release|Any CPU.Build.0 = Release|Any CPU
		{EBC2A1A2-D64D-4F28-8F6B-06D89B085EF4}.Debug|Any CPU.ActiveCfg = Debug|Any CPU
		{EBC2A1A2-D64D-4F28-8F6B-06D89B085EF4}.Debug|Any CPU.Build.0 = Debug|Any CPU
		{EBC2A1A2-D64D-4F28-8F6B-06D89B085EF4}.Release|Any CPU.ActiveCfg = Release|Any CPU
		{EBC2A1A2-D64D-4F28-8F6B-06D89B085EF4}.Release|Any CPU.Build.0 = Release|Any CPU
		{FC8BE443-E7AB-4849-BB4C-80EC74479990}.Debug|Any CPU.ActiveCfg = Debug|Any CPU
		{FC8BE443-E7AB-4849-BB4C-80EC74479990}.Debug|Any CPU.Build.0 = Debug|Any CPU
		{FC8BE443-E7AB-4849-BB4C-80EC74479990}.Release|Any CPU.ActiveCfg = Release|Any CPU
		{FC8BE443-E7AB-4849-BB4C-80EC74479990}.Release|Any CPU.Build.0 = Release|Any CPU
		{9A2DADE1-0D7C-4B3B-953C-3AC742E395ED}.Debug|Any CPU.ActiveCfg = Debug|Any CPU
		{9A2DADE1-0D7C-4B3B-953C-3AC742E395ED}.Debug|Any CPU.Build.0 = Debug|Any CPU
		{9A2DADE1-0D7C-4B3B-953C-3AC742E395ED}.Release|Any CPU.ActiveCfg = Release|Any CPU
		{9A2DADE1-0D7C-4B3B-953C-3AC742E395ED}.Release|Any CPU.Build.0 = Release|Any CPU
		{368BA889-54B0-4F29-BD55-F150FD07DF0C}.Debug|Any CPU.ActiveCfg = Debug|Any CPU
		{368BA889-54B0-4F29-BD55-F150FD07DF0C}.Debug|Any CPU.Build.0 = Debug|Any CPU
		{368BA889-54B0-4F29-BD55-F150FD07DF0C}.Release|Any CPU.ActiveCfg = Release|Any CPU
		{368BA889-54B0-4F29-BD55-F150FD07DF0C}.Release|Any CPU.Build.0 = Release|Any CPU
		{1EE3F6E6-08DF-4AFC-A7C6-59CF0EE55DA0}.Debug|Any CPU.ActiveCfg = Debug|Any CPU
		{1EE3F6E6-08DF-4AFC-A7C6-59CF0EE55DA0}.Debug|Any CPU.Build.0 = Debug|Any CPU
		{1EE3F6E6-08DF-4AFC-A7C6-59CF0EE55DA0}.Release|Any CPU.ActiveCfg = Release|Any CPU
		{1EE3F6E6-08DF-4AFC-A7C6-59CF0EE55DA0}.Release|Any CPU.Build.0 = Release|Any CPU
		{6BA34933-F920-4641-845E-9F1998403535}.Debug|Any CPU.ActiveCfg = Debug|Any CPU
		{6BA34933-F920-4641-845E-9F1998403535}.Debug|Any CPU.Build.0 = Debug|Any CPU
		{6BA34933-F920-4641-845E-9F1998403535}.Release|Any CPU.ActiveCfg = Release|Any CPU
		{6BA34933-F920-4641-845E-9F1998403535}.Release|Any CPU.Build.0 = Release|Any CPU
		{69D6C188-C377-4BAD-B0C0-90E57EB47F36}.Debug|Any CPU.ActiveCfg = Debug|Any CPU
		{69D6C188-C377-4BAD-B0C0-90E57EB47F36}.Debug|Any CPU.Build.0 = Debug|Any CPU
		{69D6C188-C377-4BAD-B0C0-90E57EB47F36}.Release|Any CPU.ActiveCfg = Release|Any CPU
		{69D6C188-C377-4BAD-B0C0-90E57EB47F36}.Release|Any CPU.Build.0 = Release|Any CPU
		{8E41C315-0BDA-4E9D-8CF9-D23DF67F3D5D}.Debug|Any CPU.ActiveCfg = Debug|Any CPU
		{8E41C315-0BDA-4E9D-8CF9-D23DF67F3D5D}.Debug|Any CPU.Build.0 = Debug|Any CPU
		{8E41C315-0BDA-4E9D-8CF9-D23DF67F3D5D}.Release|Any CPU.ActiveCfg = Release|Any CPU
		{8E41C315-0BDA-4E9D-8CF9-D23DF67F3D5D}.Release|Any CPU.Build.0 = Release|Any CPU
		{E7B5E0FA-0D45-431A-B0E0-94AB318D7DCA}.Debug|Any CPU.ActiveCfg = Debug|Any CPU
		{E7B5E0FA-0D45-431A-B0E0-94AB318D7DCA}.Debug|Any CPU.Build.0 = Debug|Any CPU
		{E7B5E0FA-0D45-431A-B0E0-94AB318D7DCA}.Release|Any CPU.ActiveCfg = Release|Any CPU
		{E7B5E0FA-0D45-431A-B0E0-94AB318D7DCA}.Release|Any CPU.Build.0 = Release|Any CPU
		{4E82A1B7-5D38-4795-BE97-939548345441}.Debug|Any CPU.ActiveCfg = Debug|Any CPU
		{4E82A1B7-5D38-4795-BE97-939548345441}.Debug|Any CPU.Build.0 = Debug|Any CPU
		{4E82A1B7-5D38-4795-BE97-939548345441}.Release|Any CPU.ActiveCfg = Release|Any CPU
		{4E82A1B7-5D38-4795-BE97-939548345441}.Release|Any CPU.Build.0 = Release|Any CPU
	EndGlobalSection
	GlobalSection(SolutionProperties) = preSolution
		HideSolutionNode = FALSE
	EndGlobalSection
EndGlobal
