
Microsoft Visual Studio Solution File, Format Version 12.00
# Visual Studio 2013
VisualStudioVersion = 12.0.40629.0
MinimumVisualStudioVersion = 10.0.40219.1
Project("{FAE04EC0-301F-11D3-BF4B-00C04F79EFBC}") = "Bai1", "Chuong2\Bai1.csproj", "{67E51FEA-96C7-4236-A016-3B9F0902F55B}"
EndProject
Project("{FAE04EC0-301F-11D3-BF4B-00C04F79EFBC}") = "Bai2", "Bai2\Bai2.csproj", "{22F40340-02CE-4D88-8F73-888CE1686557}"
EndProject
Project("{FAE04EC0-301F-11D3-BF4B-00C04F79EFBC}") = "Bai4", "Bai4\Bai4.csproj", "{B046DD46-89F3-4C9B-9651-A669F0FEA9DC}"
EndProject
Project("{FAE04EC0-301F-11D3-BF4B-00C04F79EFBC}") = "Bai6", "Bai6\Bai6.csproj", "{3ADCC8E9-3674-4134-B7B2-1211BC7CF322}"
EndProject
Project("{FAE04EC0-301F-11D3-BF4B-00C04F79EFBC}") = "Bai7", "Bai7\Bai7.csproj", "{EA5540C4-115A-4E7E-97C3-EE1E3177EF3D}"
EndProject
Project("{FAE04EC0-301F-11D3-BF4B-00C04F79EFBC}") = "Bai8", "Bai8\Bai8.csproj", "{BF64A826-5DB2-4843-A8E0-F4B88DC00C5F}"
EndProject
Project("{FAE04EC0-301F-11D3-BF4B-00C04F79EFBC}") = "Bai9", "Bai9\Bai9.csproj", "{6F10A773-E79E-4079-B147-EDDFD41F4569}"
EndProject
Project("{FAE04EC0-301F-11D3-BF4B-00C04F79EFBC}") = "Bai10", "Bai10\Bai10.csproj", "{3899145B-14C6-4254-B392-F8E294AEC3F1}"
EndProject
Project("{FAE04EC0-301F-11D3-BF4B-00C04F79EFBC}") = "Bai11", "Bai11\Bai11.csproj", "{D71D7041-9F16-4DEE-95A8-A4E12D8FA35D}"
EndProject
Project("{FAE04EC0-301F-11D3-BF4B-00C04F79EFBC}") = "Bai12", "Bai12\Bai12.csproj", "{1FB45BA4-D260-44D8-9FFE-6BACFD813CE4}"
EndProject
Project("{FAE04EC0-301F-11D3-BF4B-00C04F79EFBC}") = "bai13", "bai13\bai13.csproj", "{7E52AE52-2DD1-48AE-9D88-E9F3B9A06931}"
EndProject
Project("{FAE04EC0-301F-11D3-BF4B-00C04F79EFBC}") = "Bai14", "Bai14\Bai14.csproj", "{944FD32C-ED25-4991-A9CB-AD5D3DE2C25C}"
EndProject
Project("{FAE04EC0-301F-11D3-BF4B-00C04F79EFBC}") = "Bai15", "Bai15\Bai15.csproj", "{CC7CA1D4-0545-4760-BE14-0931FEB80BE0}"
EndProject
Project("{FAE04EC0-301F-11D3-BF4B-00C04F79EFBC}") = "Bai 16", "Bai 16\Bai 16.csproj", "{0DA006DC-D6D1-4DDF-B8A0-90D521809D9E}"
EndProject
Project("{FAE04EC0-301F-11D3-BF4B-00C04F79EFBC}") = "Bai17", "Bai17\Bai17.csproj", "{AE57F49C-9C57-4020-8A93-BF020BAB2D5D}"
EndProject
Project("{FAE04EC0-301F-11D3-BF4B-00C04F79EFBC}") = "Bai18", "Bai18\Bai18.csproj", "{4A25D7DC-64CE-49CC-9310-2276A55E9B1E}"
EndProject
Project("{FAE04EC0-301F-11D3-BF4B-00C04F79EFBC}") = "GreenvilleRevenue", "GreenvilleRevenue\GreenvilleRevenue.csproj", "{AAC8F7F1-0A40-40BD-98F6-E177F25101AD}"
EndProject
Project("{FAE04EC0-301F-11D3-BF4B-00C04F79EFBC}") = "Marshallrevenues", "Marshallrevenues\Marshallrevenues.csproj", "{2F45843C-877D-47A3-A9CD-33D5729D70A8}"
EndProject
Global
	GlobalSection(SolutionConfigurationPlatforms) = preSolution
		Debug|Any CPU = Debug|Any CPU
		Release|Any CPU = Release|Any CPU
	EndGlobalSection
	GlobalSection(ProjectConfigurationPlatforms) = postSolution
		{67E51FEA-96C7-4236-A016-3B9F0902F55B}.Debug|Any CPU.ActiveCfg = Debug|Any CPU
		{67E51FEA-96C7-4236-A016-3B9F0902F55B}.Debug|Any CPU.Build.0 = Debug|Any CPU
		{67E51FEA-96C7-4236-A016-3B9F0902F55B}.Release|Any CPU.ActiveCfg = Release|Any CPU
		{67E51FEA-96C7-4236-A016-3B9F0902F55B}.Release|Any CPU.Build.0 = Release|Any CPU
		{22F40340-02CE-4D88-8F73-888CE1686557}.Debug|Any CPU.ActiveCfg = Debug|Any CPU
		{22F40340-02CE-4D88-8F73-888CE1686557}.Debug|Any CPU.Build.0 = Debug|Any CPU
		{22F40340-02CE-4D88-8F73-888CE1686557}.Release|Any CPU.ActiveCfg = Release|Any CPU
		{22F40340-02CE-4D88-8F73-888CE1686557}.Release|Any CPU.Build.0 = Release|Any CPU
		{B046DD46-89F3-4C9B-9651-A669F0FEA9DC}.Debug|Any CPU.ActiveCfg = Debug|Any CPU
		{B046DD46-89F3-4C9B-9651-A669F0FEA9DC}.Debug|Any CPU.Build.0 = Debug|Any CPU
		{B046DD46-89F3-4C9B-9651-A669F0FEA9DC}.Release|Any CPU.ActiveCfg = Release|Any CPU
		{B046DD46-89F3-4C9B-9651-A669F0FEA9DC}.Release|Any CPU.Build.0 = Release|Any CPU
		{3ADCC8E9-3674-4134-B7B2-1211BC7CF322}.Debug|Any CPU.ActiveCfg = Debug|Any CPU
		{3ADCC8E9-3674-4134-B7B2-1211BC7CF322}.Debug|Any CPU.Build.0 = Debug|Any CPU
		{3ADCC8E9-3674-4134-B7B2-1211BC7CF322}.Release|Any CPU.ActiveCfg = Release|Any CPU
		{3ADCC8E9-3674-4134-B7B2-1211BC7CF322}.Release|Any CPU.Build.0 = Release|Any CPU
		{EA5540C4-115A-4E7E-97C3-EE1E3177EF3D}.Debug|Any CPU.ActiveCfg = Debug|Any CPU
		{EA5540C4-115A-4E7E-97C3-EE1E3177EF3D}.Debug|Any CPU.Build.0 = Debug|Any CPU
		{EA5540C4-115A-4E7E-97C3-EE1E3177EF3D}.Release|Any CPU.ActiveCfg = Release|Any CPU
		{EA5540C4-115A-4E7E-97C3-EE1E3177EF3D}.Release|Any CPU.Build.0 = Release|Any CPU
		{BF64A826-5DB2-4843-A8E0-F4B88DC00C5F}.Debug|Any CPU.ActiveCfg = Debug|Any CPU
		{BF64A826-5DB2-4843-A8E0-F4B88DC00C5F}.Debug|Any CPU.Build.0 = Debug|Any CPU
		{BF64A826-5DB2-4843-A8E0-F4B88DC00C5F}.Release|Any CPU.ActiveCfg = Release|Any CPU
		{BF64A826-5DB2-4843-A8E0-F4B88DC00C5F}.Release|Any CPU.Build.0 = Release|Any CPU
		{6F10A773-E79E-4079-B147-EDDFD41F4569}.Debug|Any CPU.ActiveCfg = Debug|Any CPU
		{6F10A773-E79E-4079-B147-EDDFD41F4569}.Debug|Any CPU.Build.0 = Debug|Any CPU
		{6F10A773-E79E-4079-B147-EDDFD41F4569}.Release|Any CPU.ActiveCfg = Release|Any CPU
		{6F10A773-E79E-4079-B147-EDDFD41F4569}.Release|Any CPU.Build.0 = Release|Any CPU
		{3899145B-14C6-4254-B392-F8E294AEC3F1}.Debug|Any CPU.ActiveCfg = Debug|Any CPU
		{3899145B-14C6-4254-B392-F8E294AEC3F1}.Debug|Any CPU.Build.0 = Debug|Any CPU
		{3899145B-14C6-4254-B392-F8E294AEC3F1}.Release|Any CPU.ActiveCfg = Release|Any CPU
		{3899145B-14C6-4254-B392-F8E294AEC3F1}.Release|Any CPU.Build.0 = Release|Any CPU
		{D71D7041-9F16-4DEE-95A8-A4E12D8FA35D}.Debug|Any CPU.ActiveCfg = Debug|Any CPU
		{D71D7041-9F16-4DEE-95A8-A4E12D8FA35D}.Debug|Any CPU.Build.0 = Debug|Any CPU
		{D71D7041-9F16-4DEE-95A8-A4E12D8FA35D}.Release|Any CPU.ActiveCfg = Release|Any CPU
		{D71D7041-9F16-4DEE-95A8-A4E12D8FA35D}.Release|Any CPU.Build.0 = Release|Any CPU
		{1FB45BA4-D260-44D8-9FFE-6BACFD813CE4}.Debug|Any CPU.ActiveCfg = Debug|Any CPU
		{1FB45BA4-D260-44D8-9FFE-6BACFD813CE4}.Debug|Any CPU.Build.0 = Debug|Any CPU
		{1FB45BA4-D260-44D8-9FFE-6BACFD813CE4}.Release|Any CPU.ActiveCfg = Release|Any CPU
		{1FB45BA4-D260-44D8-9FFE-6BACFD813CE4}.Release|Any CPU.Build.0 = Release|Any CPU
		{7E52AE52-2DD1-48AE-9D88-E9F3B9A06931}.Debug|Any CPU.ActiveCfg = Debug|Any CPU
		{7E52AE52-2DD1-48AE-9D88-E9F3B9A06931}.Debug|Any CPU.Build.0 = Debug|Any CPU
		{7E52AE52-2DD1-48AE-9D88-E9F3B9A06931}.Release|Any CPU.ActiveCfg = Release|Any CPU
		{7E52AE52-2DD1-48AE-9D88-E9F3B9A06931}.Release|Any CPU.Build.0 = Release|Any CPU
		{944FD32C-ED25-4991-A9CB-AD5D3DE2C25C}.Debug|Any CPU.ActiveCfg = Debug|Any CPU
		{944FD32C-ED25-4991-A9CB-AD5D3DE2C25C}.Debug|Any CPU.Build.0 = Debug|Any CPU
		{944FD32C-ED25-4991-A9CB-AD5D3DE2C25C}.Release|Any CPU.ActiveCfg = Release|Any CPU
		{944FD32C-ED25-4991-A9CB-AD5D3DE2C25C}.Release|Any CPU.Build.0 = Release|Any CPU
		{CC7CA1D4-0545-4760-BE14-0931FEB80BE0}.Debug|Any CPU.ActiveCfg = Debug|Any CPU
		{CC7CA1D4-0545-4760-BE14-0931FEB80BE0}.Debug|Any CPU.Build.0 = Debug|Any CPU
		{CC7CA1D4-0545-4760-BE14-0931FEB80BE0}.Release|Any CPU.ActiveCfg = Release|Any CPU
		{CC7CA1D4-0545-4760-BE14-0931FEB80BE0}.Release|Any CPU.Build.0 = Release|Any CPU
		{0DA006DC-D6D1-4DDF-B8A0-90D521809D9E}.Debug|Any CPU.ActiveCfg = Debug|Any CPU
		{0DA006DC-D6D1-4DDF-B8A0-90D521809D9E}.Debug|Any CPU.Build.0 = Debug|Any CPU
		{0DA006DC-D6D1-4DDF-B8A0-90D521809D9E}.Release|Any CPU.ActiveCfg = Release|Any CPU
		{0DA006DC-D6D1-4DDF-B8A0-90D521809D9E}.Release|Any CPU.Build.0 = Release|Any CPU
		{AE57F49C-9C57-4020-8A93-BF020BAB2D5D}.Debug|Any CPU.ActiveCfg = Debug|Any CPU
		{AE57F49C-9C57-4020-8A93-BF020BAB2D5D}.Debug|Any CPU.Build.0 = Debug|Any CPU
		{AE57F49C-9C57-4020-8A93-BF020BAB2D5D}.Release|Any CPU.ActiveCfg = Release|Any CPU
		{AE57F49C-9C57-4020-8A93-BF020BAB2D5D}.Release|Any CPU.Build.0 = Release|Any CPU
		{4A25D7DC-64CE-49CC-9310-2276A55E9B1E}.Debug|Any CPU.ActiveCfg = Debug|Any CPU
		{4A25D7DC-64CE-49CC-9310-2276A55E9B1E}.Debug|Any CPU.Build.0 = Debug|Any CPU
		{4A25D7DC-64CE-49CC-9310-2276A55E9B1E}.Release|Any CPU.ActiveCfg = Release|Any CPU
		{4A25D7DC-64CE-49CC-9310-2276A55E9B1E}.Release|Any CPU.Build.0 = Release|Any CPU
		{AAC8F7F1-0A40-40BD-98F6-E177F25101AD}.Debug|Any CPU.ActiveCfg = Debug|Any CPU
		{AAC8F7F1-0A40-40BD-98F6-E177F25101AD}.Debug|Any CPU.Build.0 = Debug|Any CPU
		{AAC8F7F1-0A40-40BD-98F6-E177F25101AD}.Release|Any CPU.ActiveCfg = Release|Any CPU
		{AAC8F7F1-0A40-40BD-98F6-E177F25101AD}.Release|Any CPU.Build.0 = Release|Any CPU
		{2F45843C-877D-47A3-A9CD-33D5729D70A8}.Debug|Any CPU.ActiveCfg = Debug|Any CPU
		{2F45843C-877D-47A3-A9CD-33D5729D70A8}.Debug|Any CPU.Build.0 = Debug|Any CPU
		{2F45843C-877D-47A3-A9CD-33D5729D70A8}.Release|Any CPU.ActiveCfg = Release|Any CPU
		{2F45843C-877D-47A3-A9CD-33D5729D70A8}.Release|Any CPU.Build.0 = Release|Any CPU
	EndGlobalSection
	GlobalSection(SolutionProperties) = preSolution
		HideSolutionNode = FALSE
	EndGlobalSection
EndGlobal
